<?xml version="1.0" encoding="utf-8"?>
<Project ToolsVersion="4.0" xmlns="http://schemas.microsoft.com/developer/msbuild/2003">
  <ItemGroup>
    <Filter Include="Source Files">
      <UniqueIdentifier>{4FC737F1-C7A5-4376-A066-2A32D752A2FF}</UniqueIdentifier>
      <Extensions>cpp;c;cc;cxx;def;odl;idl;hpj;bat;asm;asmx</Extensions>
    </Filter>
    <Filter Include="Header Files">
      <UniqueIdentifier>{93995380-89BD-4b04-88EB-625FBE52EBFB}</UniqueIdentifier>
      <Extensions>h;hh;hpp;hxx;hm;inl;inc;xsd</Extensions>
    </Filter>
    <Filter Include="Resource Files">
      <UniqueIdentifier>{67DA6AB6-F800-4c08-8B7A-83BB121AAD01}</UniqueIdentifier>
      <Extensions>rc;ico;cur;bmp;dlg;rc2;rct;bin;rgs;gif;jpg;jpeg;jpe;resx;tiff;tif;png;wav;mfcribbon-ms</Extensions>
    </Filter>
  </ItemGroup>
  <ItemGroup>
    <Text Include="ReadMe.txt" />
  </ItemGroup>
  <ItemGroup>
    <ClCompile Include="NetLinkExample.cpp">
      <Filter>Source Files</Filter>
    </ClCompile>
    <ClCompile Include="core.cc">
      <Filter>Source Files</Filter>
    </ClCompile>
    <ClCompile Include="smart_buffer.cc">
      <Filter>Source Files</Filter>
    </ClCompile>
    <ClCompile Include="socket.cc">
      <Filter>Source Files</Filter>
    </ClCompile>
    <ClCompile Include="socket_group.cc">
      <Filter>Source Files</Filter>
    </ClCompile>
    <ClCompile Include="stdafx.cpp">
      <Filter>Source Files</Filter>
    </ClCompile>
    <ClCompile Include="util.cc">
      <Filter>Source Files</Filter>
    </ClCompile>
  </ItemGroup>
  <ItemGroup>
    <ClInclude Include="netlink\config.h">
      <Filter>Header Files</Filter>
    </ClInclude>
    <ClInclude Include="netlink\core.h">
      <Filter>Header Files</Filter>
    </ClInclude>
    <ClInclude Include="netlink\exception.h">
      <Filter>Header Files</Filter>
    </ClInclude>
    <ClInclude Include="netlink\netlink.h">
      <Filter>Header Files</Filter>
    </ClInclude>
    <ClInclude Include="netlink\release_manager.h">
      <Filter>Header Files</Filter>
    </ClInclude>
    <ClInclude Include="netlink\release_manager.inline.h">
      <Filter>Header Files</Filter>
    </ClInclude>
    <ClInclude Include="netlink\smart_buffer.h">
      <Filter>Header Files</Filter>
    </ClInclude>
    <ClInclude Include="netlink\smart_buffer.inline.h">
      <Filter>Header Files</Filter>
    </ClInclude>
    <ClInclude Include="netlink\socket.h">
      <Filter>Header Files</Filter>
    </ClInclude>
    <ClInclude Include="netlink\socket.inline.h">
      <Filter>Header Files</Filter>
    </ClInclude>
    <ClInclude Include="netlink\socket_group.h">
      <Filter>Header Files</Filter>
    </ClInclude>
    <ClInclude Include="netlink\socket_group.inline.h">
      <Filter>Header Files</Filter>
    </ClInclude>
    <ClInclude Include="netlink\util.h">
      <Filter>Header Files</Filter>
    </ClInclude>
    <ClInclude Include="netlink\util.inline.h">
      <Filter>Header Files</Filter>
    </ClInclude>
  </ItemGroup>
  <ItemGroup>
    <None Include="netlink\exception.code.inc">
      <Filter>Header Files</Filter>
    </None>
  </ItemGroup>
</Project>